
Microsoft Visual Studio Solution File, Format Version 12.00
# Visual Studio Version 17
VisualStudioVersion = 17.0.32112.339
MinimumVisualStudioVersion = 10.0.40219.1
Project("{FAE04EC0-301F-11D3-BF4B-00C04F79EFBC}") = "M17_UpravaTextovehoPole", "M17_UpravaTextovehoPole.csproj", "{B2FE5EB0-024F-4973-8AF6-A2BEBC06A38D}"
EndProject
Global
	GlobalSection(SolutionConfigurationPlatforms) = preSolution
		Debug|Any CPU = Debug|Any CPU
		Release|Any CPU = Release|Any CPU
	EndGlobalSection
	GlobalSection(ProjectConfigurationPlatforms) = postSolution
		{B2FE5EB0-024F-4973-8AF6-A2BEBC06A38D}.Debug|Any CPU.ActiveCfg = Debug|Any CPU
		{B2FE5EB0-024F-4973-8AF6-A2BEBC06A38D}.Debug|Any CPU.Build.0 = Debug|Any CPU
		{B2FE5EB0-024F-4973-8AF6-A2BEBC06A38D}.Release|Any CPU.ActiveCfg = Release|Any CPU
		{B2FE5EB0-024F-4973-8AF6-A2BEBC06A38D}.Release|Any CPU.Build.0 = Release|Any CPU
	EndGlobalSection
	GlobalSection(SolutionProperties) = preSolution
		HideSolutionNode = FALSE
	EndGlobalSection
	GlobalSection(ExtensibilityGlobals) = postSolution
		SolutionGuid = {136BC586-085A-412A-85A7-1D7DD87FA8A3}
	EndGlobalSection
EndGlobal
